
Microsoft Visual Studio Solution File, Format Version 12.00
# Visual Studio 2012
Project("{FAE04EC0-301F-11D3-BF4B-00C04F79EFBC}") = "Itera.NDC2013.TCOD.Service", "main\csharp\Itera.Labs.AdvancedOpctopusDemo.WebApi\Itera.NDC2013.TCOD.Service.csproj", "{7213F980-A50C-4B2D-9538-228B5FA165B5}"
EndProject
Project("{2150E333-8FDC-42A3-9474-1A3956D46DE8}") = ".nuget", ".nuget", "{8F4BD9CB-83EF-40D2-B711-5D2687F65E27}"
EndProject
Project("{FAE04EC0-301F-11D3-BF4B-00C04F79EFBC}") = "Itera.NDC2013.TCOD.Service.Tests", "test\csharp\Itera.Labs.AdvancedOpctopusDemo.WebApi.Tests\Itera.NDC2013.TCOD.Service.Tests.csproj", "{8928E836-A679-4482-B21D-F311BDEF8977}"
EndProject
Global
	GlobalSection(SolutionConfigurationPlatforms) = preSolution
		Debug|Any CPU = Debug|Any CPU
		Release|Any CPU = Release|Any CPU
	EndGlobalSection
	GlobalSection(ProjectConfigurationPlatforms) = postSolution
		{7213F980-A50C-4B2D-9538-228B5FA165B5}.Debug|Any CPU.ActiveCfg = Debug|Any CPU
		{7213F980-A50C-4B2D-9538-228B5FA165B5}.Debug|Any CPU.Build.0 = Debug|Any CPU
		{7213F980-A50C-4B2D-9538-228B5FA165B5}.Release|Any CPU.ActiveCfg = Release|Any CPU
		{7213F980-A50C-4B2D-9538-228B5FA165B5}.Release|Any CPU.Build.0 = Release|Any CPU
		{8928E836-A679-4482-B21D-F311BDEF8977}.Debug|Any CPU.ActiveCfg = Debug|Any CPU
		{8928E836-A679-4482-B21D-F311BDEF8977}.Debug|Any CPU.Build.0 = Debug|Any CPU
		{8928E836-A679-4482-B21D-F311BDEF8977}.Release|Any CPU.ActiveCfg = Release|Any CPU
		{8928E836-A679-4482-B21D-F311BDEF8977}.Release|Any CPU.Build.0 = Release|Any CPU
	EndGlobalSection
	GlobalSection(SolutionProperties) = preSolution
		HideSolutionNode = FALSE
	EndGlobalSection
EndGlobal
